// !$*UTF8*$!
{
	archiveVersion = 1;
	classes = {
	};
	objectVersion = 50;
	objects = {

/* Begin PBXBuildFile section */
		047ADDF62472E3FC0073FF7D /* LoadingView.swift in Sources */ = {isa = PBXBuildFile; fileRef = 047ADDEE2472E3FC0073FF7D /* LoadingView.swift */; };
		047ADDF72472E3FC0073FF7D /* Model.swift in Sources */ = {isa = PBXBuildFile; fileRef = 047ADDEF2472E3FC0073FF7D /* Model.swift */; };
		047ADDF82472E3FC0073FF7D /* Extensions.swift in Sources */ = {isa = PBXBuildFile; fileRef = 047ADDF02472E3FC0073FF7D /* Extensions.swift */; };
		047ADDF92472E3FC0073FF7D /* TaskPresenter.swift in Sources */ = {isa = PBXBuildFile; fileRef = 047ADDF12472E3FC0073FF7D /* TaskPresenter.swift */; };
		047ADDFA2472E3FC0073FF7D /* TaskViewDelegate.swift in Sources */ = {isa = PBXBuildFile; fileRef = 047ADDF22472E3FC0073FF7D /* TaskViewDelegate.swift */; };
		047ADDFB2472E3FC0073FF7D /* Constants.swift in Sources */ = {isa = PBXBuildFile; fileRef = 047ADDF32472E3FC0073FF7D /* Constants.swift */; };
		047ADDFC2472E3FC0073FF7D /* TaskService.swift in Sources */ = {isa = PBXBuildFile; fileRef = 047ADDF42472E3FC0073FF7D /* TaskService.swift */; };
		047ADDFD2472E3FC0073FF7D /* Network.swift in Sources */ = {isa = PBXBuildFile; fileRef = 047ADDF52472E3FC0073FF7D /* Network.swift */; };
		047ADE0B2472E78C0073FF7D /* HomeTableViewCell.swift in Sources */ = {isa = PBXBuildFile; fileRef = 047ADE092472E78C0073FF7D /* HomeTableViewCell.swift */; };
		047ADE0C2472E78C0073FF7D /* HomeTableViewCell.xib in Resources */ = {isa = PBXBuildFile; fileRef = 047ADE0A2472E78C0073FF7D /* HomeTableViewCell.xib */; };
		047ADE0E2472EC500073FF7D /* Assets.xcassets in Resources */ = {isa = PBXBuildFile; fileRef = 047ADE0D2472EC500073FF7D /* Assets.xcassets */; };
		047ADE102472F0300073FF7D /* Details.swift in Sources */ = {isa = PBXBuildFile; fileRef = 047ADE0F2472F0300073FF7D /* Details.swift */; };
		047ADE122472F0450073FF7D /* AddMovie.swift in Sources */ = {isa = PBXBuildFile; fileRef = 047ADE112472F0450073FF7D /* AddMovie.swift */; };
		047FCEB22472E23800A615A3 /* AppDelegate.swift in Sources */ = {isa = PBXBuildFile; fileRef = 047FCEB12472E23800A615A3 /* AppDelegate.swift */; };
		047FCEB42472E23800A615A3 /* SceneDelegate.swift in Sources */ = {isa = PBXBuildFile; fileRef = 047FCEB32472E23800A615A3 /* SceneDelegate.swift */; };
		047FCEB62472E23800A615A3 /* ViewController.swift in Sources */ = {isa = PBXBuildFile; fileRef = 047FCEB52472E23800A615A3 /* ViewController.swift */; };
		047FCEB92472E23800A615A3 /* Main.storyboard in Resources */ = {isa = PBXBuildFile; fileRef = 047FCEB72472E23800A615A3 /* Main.storyboard */; };
		047FCEBC2472E23800A615A3 /* iMovies.xcdatamodeld in Sources */ = {isa = PBXBuildFile; fileRef = 047FCEBA2472E23800A615A3 /* iMovies.xcdatamodeld */; };
		047FCEC12472E23900A615A3 /* LaunchScreen.storyboard in Resources */ = {isa = PBXBuildFile; fileRef = 047FCEBF2472E23900A615A3 /* LaunchScreen.storyboard */; };
		047FCECC2472E23900A615A3 /* iMoviesTests.swift in Sources */ = {isa = PBXBuildFile; fileRef = 047FCECB2472E23900A615A3 /* iMoviesTests.swift */; };
/* End PBXBuildFile section */

/* Begin PBXContainerItemProxy section */
		047FCEC82472E23900A615A3 /* PBXContainerItemProxy */ = {
			isa = PBXContainerItemProxy;
			containerPortal = 047FCEA62472E23800A615A3 /* Project object */;
			proxyType = 1;
			remoteGlobalIDString = 047FCEAD2472E23800A615A3;
			remoteInfo = iMovies;
		};
/* End PBXContainerItemProxy section */

/* Begin PBXFileReference section */
		047ADDEE2472E3FC0073FF7D /* LoadingView.swift */ = {isa = PBXFileReference; fileEncoding = 4; lastKnownFileType = sourcecode.swift; path = LoadingView.swift; sourceTree = "<group>"; };
		047ADDEF2472E3FC0073FF7D /* Model.swift */ = {isa = PBXFileReference; fileEncoding = 4; lastKnownFileType = sourcecode.swift; path = Model.swift; sourceTree = "<group>"; };
		047ADDF02472E3FC0073FF7D /* Extensions.swift */ = {isa = PBXFileReference; fileEncoding = 4; lastKnownFileType = sourcecode.swift; path = Extensions.swift; sourceTree = "<group>"; };
		047ADDF12472E3FC0073FF7D /* TaskPresenter.swift */ = {isa = PBXFileReference; fileEncoding = 4; lastKnownFileType = sourcecode.swift; path = TaskPresenter.swift; sourceTree = "<group>"; };
		047ADDF22472E3FC0073FF7D /* TaskViewDelegate.swift */ = {isa = PBXFileReference; fileEncoding = 4; lastKnownFileType = sourcecode.swift; path = TaskViewDelegate.swift; sourceTree = "<group>"; };
		047ADDF32472E3FC0073FF7D /* Constants.swift */ = {isa = PBXFileReference; fileEncoding = 4; lastKnownFileType = sourcecode.swift; path = Constants.swift; sourceTree = "<group>"; };
		047ADDF42472E3FC0073FF7D /* TaskService.swift */ = {isa = PBXFileReference; fileEncoding = 4; lastKnownFileType = sourcecode.swift; path = TaskService.swift; sourceTree = "<group>"; };
		047ADDF52472E3FC0073FF7D /* Network.swift */ = {isa = PBXFileReference; fileEncoding = 4; lastKnownFileType = sourcecode.swift; path = Network.swift; sourceTree = "<group>"; };
		047ADE092472E78C0073FF7D /* HomeTableViewCell.swift */ = {isa = PBXFileReference; lastKnownFileType = sourcecode.swift; path = HomeTableViewCell.swift; sourceTree = "<group>"; };
		047ADE0A2472E78C0073FF7D /* HomeTableViewCell.xib */ = {isa = PBXFileReference; lastKnownFileType = file.xib; path = HomeTableViewCell.xib; sourceTree = "<group>"; };
		047ADE0D2472EC500073FF7D /* Assets.xcassets */ = {isa = PBXFileReference; lastKnownFileType = folder.assetcatalog; path = Assets.xcassets; sourceTree = "<group>"; };
		047ADE0F2472F0300073FF7D /* Details.swift */ = {isa = PBXFileReference; lastKnownFileType = sourcecode.swift; path = Details.swift; sourceTree = "<group>"; };
		047ADE112472F0450073FF7D /* AddMovie.swift */ = {isa = PBXFileReference; lastKnownFileType = sourcecode.swift; path = AddMovie.swift; sourceTree = "<group>"; };
		047FCEAE2472E23800A615A3 /* iMovies.app */ = {isa = PBXFileReference; explicitFileType = wrapper.application; includeInIndex = 0; path = iMovies.app; sourceTree = BUILT_PRODUCTS_DIR; };
		047FCEB12472E23800A615A3 /* AppDelegate.swift */ = {isa = PBXFileReference; lastKnownFileType = sourcecode.swift; path = AppDelegate.swift; sourceTree = "<group>"; };
		047FCEB32472E23800A615A3 /* SceneDelegate.swift */ = {isa = PBXFileReference; lastKnownFileType = sourcecode.swift; path = SceneDelegate.swift; sourceTree = "<group>"; };
		047FCEB52472E23800A615A3 /* ViewController.swift */ = {isa = PBXFileReference; lastKnownFileType = sourcecode.swift; path = ViewController.swift; sourceTree = "<group>"; };
		047FCEB82472E23800A615A3 /* Base */ = {isa = PBXFileReference; lastKnownFileType = file.storyboard; name = Base; path = Base.lproj/Main.storyboard; sourceTree = "<group>"; };
		047FCEBB2472E23800A615A3 /* iMovies.xcdatamodel */ = {isa = PBXFileReference; lastKnownFileType = wrapper.xcdatamodel; path = iMovies.xcdatamodel; sourceTree = "<group>"; };
		047FCEC02472E23900A615A3 /* Base */ = {isa = PBXFileReference; lastKnownFileType = file.storyboard; name = Base; path = Base.lproj/LaunchScreen.storyboard; sourceTree = "<group>"; };
		047FCEC22472E23900A615A3 /* Info.plist */ = {isa = PBXFileReference; lastKnownFileType = text.plist.xml; path = Info.plist; sourceTree = "<group>"; };
		047FCEC72472E23900A615A3 /* iMoviesTests.xctest */ = {isa = PBXFileReference; explicitFileType = wrapper.cfbundle; includeInIndex = 0; path = iMoviesTests.xctest; sourceTree = BUILT_PRODUCTS_DIR; };
		047FCECB2472E23900A615A3 /* iMoviesTests.swift */ = {isa = PBXFileReference; lastKnownFileType = sourcecode.swift; path = iMoviesTests.swift; sourceTree = "<group>"; };
		047FCECD2472E23900A615A3 /* Info.plist */ = {isa = PBXFileReference; lastKnownFileType = text.plist.xml; path = Info.plist; sourceTree = "<group>"; };
/* End PBXFileReference section */

/* Begin PBXFrameworksBuildPhase section */
		047FCEAB2472E23800A615A3 /* Frameworks */ = {
			isa = PBXFrameworksBuildPhase;
			buildActionMask = 2147483647;
			files = (
			);
			runOnlyForDeploymentPostprocessing = 0;
		};
		047FCEC42472E23900A615A3 /* Frameworks */ = {
			isa = PBXFrameworksBuildPhase;
			buildActionMask = 2147483647;
			files = (
			);
			runOnlyForDeploymentPostprocessing = 0;
		};
/* End PBXFrameworksBuildPhase section */

/* Begin PBXGroup section */
		047ADDFE2472E4250073FF7D /* Model */ = {
			isa = PBXGroup;
			children = (
				047ADE062472E5570073FF7D /* Constants */,
				047ADE052472E52A0073FF7D /* Network */,
				047ADE042472E5200073FF7D /* Models */,
			);
			path = Model;
			sourceTree = "<group>";
		};
		047ADDFF2472E49C0073FF7D /* View */ = {
			isa = PBXGroup;
			children = (
				047ADE032472E4F90073FF7D /* Controllers */,
				047ADE022472E4EF0073FF7D /* Cells */,
				047ADE012472E4BE0073FF7D /* Delegates */,
			);
			path = View;
			sourceTree = "<group>";
		};
		047ADE002472E4A90073FF7D /* Presenter */ = {
			isa = PBXGroup;
			children = (
				047ADDF12472E3FC0073FF7D /* TaskPresenter.swift */,
			);
			path = Presenter;
			sourceTree = "<group>";
		};
		047ADE012472E4BE0073FF7D /* Delegates */ = {
			isa = PBXGroup;
			children = (
				047ADDF22472E3FC0073FF7D /* TaskViewDelegate.swift */,
			);
			path = Delegates;
			sourceTree = "<group>";
		};
		047ADE022472E4EF0073FF7D /* Cells */ = {
			isa = PBXGroup;
			children = (
				047ADE092472E78C0073FF7D /* HomeTableViewCell.swift */,
				047ADE0A2472E78C0073FF7D /* HomeTableViewCell.xib */,
			);
			path = Cells;
			sourceTree = "<group>";
		};
		047ADE032472E4F90073FF7D /* Controllers */ = {
			isa = PBXGroup;
			children = (
				047FCEB52472E23800A615A3 /* ViewController.swift */,
				047ADE0F2472F0300073FF7D /* Details.swift */,
				047ADE112472F0450073FF7D /* AddMovie.swift */,
			);
			path = Controllers;
			sourceTree = "<group>";
		};
		047ADE042472E5200073FF7D /* Models */ = {
			isa = PBXGroup;
			children = (
				047ADDEF2472E3FC0073FF7D /* Model.swift */,
			);
			path = Models;
			sourceTree = "<group>";
		};
		047ADE052472E52A0073FF7D /* Network */ = {
			isa = PBXGroup;
			children = (
				047ADDF52472E3FC0073FF7D /* Network.swift */,
				047ADDF42472E3FC0073FF7D /* TaskService.swift */,
			);
			path = Network;
			sourceTree = "<group>";
		};
		047ADE062472E5570073FF7D /* Constants */ = {
			isa = PBXGroup;
			children = (
				047ADDF32472E3FC0073FF7D /* Constants.swift */,
			);
			path = Constants;
			sourceTree = "<group>";
		};
		047ADE072472E57F0073FF7D /* helper */ = {
			isa = PBXGroup;
			children = (
				047ADDEE2472E3FC0073FF7D /* LoadingView.swift */,
			);
			path = helper;
			sourceTree = "<group>";
		};
		047ADE082472E5960073FF7D /* Extensions */ = {
			isa = PBXGroup;
			children = (
				047ADDF02472E3FC0073FF7D /* Extensions.swift */,
			);
			path = Extensions;
			sourceTree = "<group>";
		};
		047FCEA52472E23800A615A3 = {
			isa = PBXGroup;
			children = (
				047FCEB02472E23800A615A3 /* iMovies */,
				047FCECA2472E23900A615A3 /* iMoviesTests */,
				047FCEAF2472E23800A615A3 /* Products */,
			);
			sourceTree = "<group>";
		};
		047FCEAF2472E23800A615A3 /* Products */ = {
			isa = PBXGroup;
			children = (
				047FCEAE2472E23800A615A3 /* iMovies.app */,
				047FCEC72472E23900A615A3 /* iMoviesTests.xctest */,
			);
			name = Products;
			sourceTree = "<group>";
		};
		047FCEB02472E23800A615A3 /* iMovies */ = {
			isa = PBXGroup;
			children = (
				047ADE082472E5960073FF7D /* Extensions */,
				047ADE072472E57F0073FF7D /* helper */,
				047ADE002472E4A90073FF7D /* Presenter */,
				047ADDFF2472E49C0073FF7D /* View */,
				047ADDFE2472E4250073FF7D /* Model */,
				047FCEB12472E23800A615A3 /* AppDelegate.swift */,
				047FCEB32472E23800A615A3 /* SceneDelegate.swift */,
				047FCEB72472E23800A615A3 /* Main.storyboard */,
				047ADE0D2472EC500073FF7D /* Assets.xcassets */,
				047FCEBF2472E23900A615A3 /* LaunchScreen.storyboard */,
				047FCEC22472E23900A615A3 /* Info.plist */,
				047FCEBA2472E23800A615A3 /* iMovies.xcdatamodeld */,
			);
			path = iMovies;
			sourceTree = "<group>";
		};
		047FCECA2472E23900A615A3 /* iMoviesTests */ = {
			isa = PBXGroup;
			children = (
				047FCECB2472E23900A615A3 /* iMoviesTests.swift */,
				047FCECD2472E23900A615A3 /* Info.plist */,
			);
			path = iMoviesTests;
			sourceTree = "<group>";
		};
/* End PBXGroup section */

/* Begin PBXNativeTarget section */
		047FCEAD2472E23800A615A3 /* iMovies */ = {
			isa = PBXNativeTarget;
			buildConfigurationList = 047FCED02472E23900A615A3 /* Build configuration list for PBXNativeTarget "iMovies" */;
			buildPhases = (
				047FCEAA2472E23800A615A3 /* Sources */,
				047FCEAB2472E23800A615A3 /* Frameworks */,
				047FCEAC2472E23800A615A3 /* Resources */,
			);
			buildRules = (
			);
			dependencies = (
			);
			name = iMovies;
			productName = iMovies;
			productReference = 047FCEAE2472E23800A615A3 /* iMovies.app */;
			productType = "com.apple.product-type.application";
		};
		047FCEC62472E23900A615A3 /* iMoviesTests */ = {
			isa = PBXNativeTarget;
			buildConfigurationList = 047FCED32472E23900A615A3 /* Build configuration list for PBXNativeTarget "iMoviesTests" */;
			buildPhases = (
				047FCEC32472E23900A615A3 /* Sources */,
				047FCEC42472E23900A615A3 /* Frameworks */,
				047FCEC52472E23900A615A3 /* Resources */,
			);
			buildRules = (
			);
			dependencies = (
				047FCEC92472E23900A615A3 /* PBXTargetDependency */,
			);
			name = iMoviesTests;
			productName = iMoviesTests;
			productReference = 047FCEC72472E23900A615A3 /* iMoviesTests.xctest */;
			productType = "com.apple.product-type.bundle.unit-test";
		};
/* End PBXNativeTarget section */

/* Begin PBXProject section */
		047FCEA62472E23800A615A3 /* Project object */ = {
			isa = PBXProject;
			attributes = {
				LastSwiftUpdateCheck = 1120;
				LastUpgradeCheck = 1120;
				ORGANIZATIONNAME = Ibram;
				TargetAttributes = {
					047FCEAD2472E23800A615A3 = {
						CreatedOnToolsVersion = 11.2;
					};
					047FCEC62472E23900A615A3 = {
						CreatedOnToolsVersion = 11.2;
						TestTargetID = 047FCEAD2472E23800A615A3;
					};
				};
			};
			buildConfigurationList = 047FCEA92472E23800A615A3 /* Build configuration list for PBXProject "iMovies" */;
			compatibilityVersion = "Xcode 9.3";
			developmentRegion = en;
			hasScannedForEncodings = 0;
			knownRegions = (
				en,
				Base,
			);
			mainGroup = 047FCEA52472E23800A615A3;
			productRefGroup = 047FCEAF2472E23800A615A3 /* Products */;
			projectDirPath = "";
			projectRoot = "";
			targets = (
				047FCEAD2472E23800A615A3 /* iMovies */,
				047FCEC62472E23900A615A3 /* iMoviesTests */,
			);
		};
/* End PBXProject section */

/* Begin PBXResourcesBuildPhase section */
		047FCEAC2472E23800A615A3 /* Resources */ = {
			isa = PBXResourcesBuildPhase;
			buildActionMask = 2147483647;
			files = (
				047FCEC12472E23900A615A3 /* LaunchScreen.storyboard in Resources */,
				047ADE0C2472E78C0073FF7D /* HomeTableViewCell.xib in Resources */,
				047ADE0E2472EC500073FF7D /* Assets.xcassets in Resources */,
				047FCEB92472E23800A615A3 /* Main.storyboard in Resources */,
			);
			runOnlyForDeploymentPostprocessing = 0;
		};
		047FCEC52472E23900A615A3 /* Resources */ = {
			isa = PBXResourcesBuildPhase;
			buildActionMask = 2147483647;
			files = (
			);
			runOnlyForDeploymentPostprocessing = 0;
		};
/* End PBXResourcesBuildPhase section */

/* Begin PBXSourcesBuildPhase section */
		047FCEAA2472E23800A615A3 /* Sources */ = {
			isa = PBXSourcesBuildPhase;
			buildActionMask = 2147483647;
			files = (
				047ADDFC2472E3FC0073FF7D /* TaskService.swift in Sources */,
				047FCEBC2472E23800A615A3 /* iMovies.xcdatamodeld in Sources */,
				047ADE0B2472E78C0073FF7D /* HomeTableViewCell.swift in Sources */,
				047ADDFD2472E3FC0073FF7D /* Network.swift in Sources */,
				047ADE122472F0450073FF7D /* AddMovie.swift in Sources */,
				047ADDF92472E3FC0073FF7D /* TaskPresenter.swift in Sources */,
				047FCEB62472E23800A615A3 /* ViewController.swift in Sources */,
				047ADE102472F0300073FF7D /* Details.swift in Sources */,
				047FCEB22472E23800A615A3 /* AppDelegate.swift in Sources */,
				047ADDF72472E3FC0073FF7D /* Model.swift in Sources */,
				047ADDFB2472E3FC0073FF7D /* Constants.swift in Sources */,
				047ADDF62472E3FC0073FF7D /* LoadingView.swift in Sources */,
				047FCEB42472E23800A615A3 /* SceneDelegate.swift in Sources */,
				047ADDFA2472E3FC0073FF7D /* TaskViewDelegate.swift in Sources */,
				047ADDF82472E3FC0073FF7D /* Extensions.swift in Sources */,
			);
			runOnlyForDeploymentPostprocessing = 0;
		};
		047FCEC32472E23900A615A3 /* Sources */ = {
			isa = PBXSourcesBuildPhase;
			buildActionMask = 2147483647;
			files = (
				047FCECC2472E23900A615A3 /* iMoviesTests.swift in Sources */,
			);
			runOnlyForDeploymentPostprocessing = 0;
		};
/* End PBXSourcesBuildPhase section */

/* Begin PBXTargetDependency section */
		047FCEC92472E23900A615A3 /* PBXTargetDependency */ = {
			isa = PBXTargetDependency;
			target = 047FCEAD2472E23800A615A3 /* iMovies */;
			targetProxy = 047FCEC82472E23900A615A3 /* PBXContainerItemProxy */;
		};
/* End PBXTargetDependency section */

/* Begin PBXVariantGroup section */
		047FCEB72472E23800A615A3 /* Main.storyboard */ = {
			isa = PBXVariantGroup;
			children = (
				047FCEB82472E23800A615A3 /* Base */,
			);
			name = Main.storyboard;
			sourceTree = "<group>";
		};
		047FCEBF2472E23900A615A3 /* LaunchScreen.storyboard */ = {
			isa = PBXVariantGroup;
			children = (
				047FCEC02472E23900A615A3 /* Base */,
			);
			name = LaunchScreen.storyboard;
			sourceTree = "<group>";
		};
/* End PBXVariantGroup section */

/* Begin XCBuildConfiguration section */
		047FCECE2472E23900A615A3 /* Debug */ = {
			isa = XCBuildConfiguration;
			buildSettings = {
				ALWAYS_SEARCH_USER_PATHS = NO;
				CLANG_ANALYZER_NONNULL = YES;
				CLANG_ANALYZER_NUMBER_OBJECT_CONVERSION = YES_AGGRESSIVE;
				CLANG_CXX_LANGUAGE_STANDARD = "gnu++14";
				CLANG_CXX_LIBRARY = "libc++";
				CLANG_ENABLE_MODULES = YES;
				CLANG_ENABLE_OBJC_ARC = YES;
				CLANG_ENABLE_OBJC_WEAK = YES;
				CLANG_WARN_BLOCK_CAPTURE_AUTORELEASING = YES;
				CLANG_WARN_BOOL_CONVERSION = YES;
				CLANG_WARN_COMMA = YES;
				CLANG_WARN_CONSTANT_CONVERSION = YES;
				CLANG_WARN_DEPRECATED_OBJC_IMPLEMENTATIONS = YES;
				CLANG_WARN_DIRECT_OBJC_ISA_USAGE = YES_ERROR;
				CLANG_WARN_DOCUMENTATION_COMMENTS = YES;
				CLANG_WARN_EMPTY_BODY = YES;
				CLANG_WARN_ENUM_CONVERSION = YES;
				CLANG_WARN_INFINITE_RECURSION = YES;
				CLANG_WARN_INT_CONVERSION = YES;
				CLANG_WARN_NON_LITERAL_NULL_CONVERSION = YES;
				CLANG_WARN_OBJC_IMPLICIT_RETAIN_SELF = YES;
				CLANG_WARN_OBJC_LITERAL_CONVERSION = YES;
				CLANG_WARN_OBJC_ROOT_CLASS = YES_ERROR;
				CLANG_WARN_RANGE_LOOP_ANALYSIS = YES;
				CLANG_WARN_STRICT_PROTOTYPES = YES;
				CLANG_WARN_SUSPICIOUS_MOVE = YES;
				CLANG_WARN_UNGUARDED_AVAILABILITY = YES_AGGRESSIVE;
				CLANG_WARN_UNREACHABLE_CODE = YES;
				CLANG_WARN__DUPLICATE_METHOD_MATCH = YES;
				COPY_PHASE_STRIP = NO;
				DEBUG_INFORMATION_FORMAT = dwarf;
				ENABLE_STRICT_OBJC_MSGSEND = YES;
				ENABLE_TESTABILITY = YES;
				GCC_C_LANGUAGE_STANDARD = gnu11;
				GCC_DYNAMIC_NO_PIC = NO;
				GCC_NO_COMMON_BLOCKS = YES;
				GCC_OPTIMIZATION_LEVEL = 0;
				GCC_PREPROCESSOR_DEFINITIONS = (
					"DEBUG=1",
					"$(inherited)",
				);
				GCC_WARN_64_TO_32_BIT_CONVERSION = YES;
				GCC_WARN_ABOUT_RETURN_TYPE = YES_ERROR;
				GCC_WARN_UNDECLARED_SELECTOR = YES;
				GCC_WARN_UNINITIALIZED_AUTOS = YES_AGGRESSIVE;
				GCC_WARN_UNUSED_FUNCTION = YES;
				GCC_WARN_UNUSED_VARIABLE = YES;
				IPHONEOS_DEPLOYMENT_TARGET = 13.2;
				MTL_ENABLE_DEBUG_INFO = INCLUDE_SOURCE;
				MTL_FAST_MATH = YES;
				ONLY_ACTIVE_ARCH = YES;
				SDKROOT = iphoneos;
				SWIFT_ACTIVE_COMPILATION_CONDITIONS = DEBUG;
				SWIFT_OPTIMIZATION_LEVEL = "-Onone";
			};
			name = Debug;
		};
		047FCECF2472E23900A615A3 /* Release */ = {
			isa = XCBuildConfiguration;
			buildSettings = {
				ALWAYS_SEARCH_USER_PATHS = NO;
				CLANG_ANALYZER_NONNULL = YES;
				CLANG_ANALYZER_NUMBER_OBJECT_CONVERSION = YES_AGGRESSIVE;
				CLANG_CXX_LANGUAGE_STANDARD = "gnu++14";
				CLANG_CXX_LIBRARY = "libc++";
				CLANG_ENABLE_MODULES = YES;
				CLANG_ENABLE_OBJC_ARC = YES;
				CLANG_ENABLE_OBJC_WEAK = YES;
				CLANG_WARN_BLOCK_CAPTURE_AUTORELEASING = YES;
				CLANG_WARN_BOOL_CONVERSION = YES;
				CLANG_WARN_COMMA = YES;
				CLANG_WARN_CONSTANT_CONVERSION = YES;
				CLANG_WARN_DEPRECATED_OBJC_IMPLEMENTATIONS = YES;
				CLANG_WARN_DIRECT_OBJC_ISA_USAGE = YES_ERROR;
				CLANG_WARN_DOCUMENTATION_COMMENTS = YES;
				CLANG_WARN_EMPTY_BODY = YES;
				CLANG_WARN_ENUM_CONVERSION = YES;
				CLANG_WARN_INFINITE_RECURSION = YES;
				CLANG_WARN_INT_CONVERSION = YES;
				CLANG_WARN_NON_LITERAL_NULL_CONVERSION = YES;
				CLANG_WARN_OBJC_IMPLICIT_RETAIN_SELF = YES;
				CLANG_WARN_OBJC_LITERAL_CONVERSION = YES;
				CLANG_WARN_OBJC_ROOT_CLASS = YES_ERROR;
				CLANG_WARN_RANGE_LOOP_ANALYSIS = YES;
				CLANG_WARN_STRICT_PROTOTYPES = YES;
				CLANG_WARN_SUSPICIOUS_MOVE = YES;
				CLANG_WARN_UNGUARDED_AVAILABILITY = YES_AGGRESSIVE;
				CLANG_WARN_UNREACHABLE_CODE = YES;
				CLANG_WARN__DUPLICATE_METHOD_MATCH = YES;
				COPY_PHASE_STRIP = NO;
				DEBUG_INFORMATION_FORMAT = "dwarf-with-dsym";
				ENABLE_NS_ASSERTIONS = NO;
				ENABLE_STRICT_OBJC_MSGSEND = YES;
				GCC_C_LANGUAGE_STANDARD = gnu11;
				GCC_NO_COMMON_BLOCKS = YES;
				GCC_WARN_64_TO_32_BIT_CONVERSION = YES;
				GCC_WARN_ABOUT_RETURN_TYPE = YES_ERROR;
				GCC_WARN_UNDECLARED_SELECTOR = YES;
				GCC_WARN_UNINITIALIZED_AUTOS = YES_AGGRESSIVE;
				GCC_WARN_UNUSED_FUNCTION = YES;
				GCC_WARN_UNUSED_VARIABLE = YES;
				IPHONEOS_DEPLOYMENT_TARGET = 13.2;
				MTL_ENABLE_DEBUG_INFO = NO;
				MTL_FAST_MATH = YES;
				SDKROOT = iphoneos;
				SWIFT_COMPILATION_MODE = wholemodule;
				SWIFT_OPTIMIZATION_LEVEL = "-O";
				VALIDATE_PRODUCT = YES;
			};
			name = Release;
		};
		047FCED12472E23900A615A3 /* Debug */ = {
			isa = XCBuildConfiguration;
			buildSettings = {
				ASSETCATALOG_COMPILER_APPICON_NAME = AppIcon;
				CODE_SIGN_STYLE = Automatic;
				DEVELOPMENT_TEAM = W8HXJ9GUR4;
				INFOPLIST_FILE = iMovies/Info.plist;
				LD_RUNPATH_SEARCH_PATHS = (
					"$(inherited)",
					"@executable_path/Frameworks",
				);
				PRODUCT_BUNDLE_IDENTIFIER = com.ibram.iMovies;
				PRODUCT_NAME = "$(TARGET_NAME)";
				SWIFT_VERSION = 5.0;
				TARGETED_DEVICE_FAMILY = "1,2";
			};
			name = Debug;
		};
		047FCED22472E23900A615A3 /* Release */ = {
			isa = XCBuildConfiguration;
			buildSettings = {
				ASSETCATALOG_COMPILER_APPICON_NAME = AppIcon;
				CODE_SIGN_STYLE = Automatic;
				DEVELOPMENT_TEAM = W8HXJ9GUR4;
				INFOPLIST_FILE = iMovies/Info.plist;
				LD_RUNPATH_SEARCH_PATHS = (
					"$(inherited)",
					"@executable_path/Frameworks",
				);
				PRODUCT_BUNDLE_IDENTIFIER = com.ibram.iMovies;
				PRODUCT_NAME = "$(TARGET_NAME)";
				SWIFT_VERSION = 5.0;
				TARGETED_DEVICE_FAMILY = "1,2";
			};
			name = Release;
		};
		047FCED42472E23900A615A3 /* Debug */ = {
			isa = XCBuildConfiguration;
			buildSettings = {
				ALWAYS_EMBED_SWIFT_STANDARD_LIBRARIES = YES;
				BUNDLE_LOADER = "$(TEST_HOST)";
				CODE_SIGN_STYLE = Automatic;
				DEVELOPMENT_TEAM = W8HXJ9GUR4;
				INFOPLIST_FILE = iMoviesTests/Info.plist;
				IPHONEOS_DEPLOYMENT_TARGET = 13.2;
				LD_RUNPATH_SEARCH_PATHS = (
					"$(inherited)",
					"@executable_path/Frameworks",
					"@loader_path/Frameworks",
				);
				PRODUCT_BUNDLE_IDENTIFIER = com.ibram.iMoviesTests;
				PRODUCT_NAME = "$(TARGET_NAME)";
				SWIFT_VERSION = 5.0;
				TARGETED_DEVICE_FAMILY = "1,2";
				TEST_HOST = "$(BUILT_PRODUCTS_DIR)/iMovies.app/iMovies";
			};
			name = Debug;
		};
		047FCED52472E23900A615A3 /* Release */ = {
			isa = XCBuildConfiguration;
			buildSettings = {
				ALWAYS_EMBED_SWIFT_STANDARD_LIBRARIES = YES;
				BUNDLE_LOADER = "$(TEST_HOST)";
				CODE_SIGN_STYLE = Automatic;
				DEVELOPMENT_TEAM = W8HXJ9GUR4;
				INFOPLIST_FILE = iMoviesTests/Info.plist;
				IPHONEOS_DEPLOYMENT_TARGET = 13.2;
				LD_RUNPATH_SEARCH_PATHS = (
					"$(inherited)",
					"@executable_path/Frameworks",
					"@loader_path/Frameworks",
				);
				PRODUCT_BUNDLE_IDENTIFIER = com.ibram.iMoviesTests;
				PRODUCT_NAME = "$(TARGET_NAME)";
				SWIFT_VERSION = 5.0;
				TARGETED_DEVICE_FAMILY = "1,2";
				TEST_HOST = "$(BUILT_PRODUCTS_DIR)/iMovies.app/iMovies";
			};
			name = Release;
		};
/* End XCBuildConfiguration section */

/* Begin XCConfigurationList section */
		047FCEA92472E23800A615A3 /* Build configuration list for PBXProject "iMovies" */ = {
			isa = XCConfigurationList;
			buildConfigurations = (
				047FCECE2472E23900A615A3 /* Debug */,
				047FCECF2472E23900A615A3 /* Release */,
			);
			defaultConfigurationIsVisible = 0;
			defaultConfigurationName = Release;
		};
		047FCED02472E23900A615A3 /* Build configuration list for PBXNativeTarget "iMovies" */ = {
			isa = XCConfigurationList;
			buildConfigurations = (
				047FCED12472E23900A615A3 /* Debug */,
				047FCED22472E23900A615A3 /* Release */,
			);
			defaultConfigurationIsVisible = 0;
			defaultConfigurationName = Release;
		};
		047FCED32472E23900A615A3 /* Build configuration list for PBXNativeTarget "iMoviesTests" */ = {
			isa = XCConfigurationList;
			buildConfigurations = (
				047FCED42472E23900A615A3 /* Debug */,
				047FCED52472E23900A615A3 /* Release */,
			);
			defaultConfigurationIsVisible = 0;
			defaultConfigurationName = Release;
		};
/* End XCConfigurationList section */

/* Begin XCVersionGroup section */
		047FCEBA2472E23800A615A3 /* iMovies.xcdatamodeld */ = {
			isa = XCVersionGroup;
			children = (
				047FCEBB2472E23800A615A3 /* iMovies.xcdatamodel */,
			);
			currentVersion = 047FCEBB2472E23800A615A3 /* iMovies.xcdatamodel */;
			path = iMovies.xcdatamodeld;
			sourceTree = "<group>";
			versionGroupType = wrapper.xcdatamodel;
		};
/* End XCVersionGroup section */
	};
	rootObject = 047FCEA62472E23800A615A3 /* Project object */;
}
